
Microsoft Visual Studio Solution File, Format Version 12.00
# Visual Studio Version 17
VisualStudioVersion = 17.10.35027.167
MinimumVisualStudioVersion = 10.0.40219.1
Project("{FAE04EC0-301F-11D3-BF4B-00C04F79EFBC}") = "medicalhistoryapp.API", "medicalhistoryapp\medicalhistoryapp.API.csproj", "{AB20B057-F57E-4E40-B2DF-A282CD05B9EE}"
EndProject
Project("{FAE04EC0-301F-11D3-BF4B-00C04F79EFBC}") = "medicalhistoryapp.BLL", "medicalhistoryapp.BLL\medicalhistoryapp.BLL.csproj", "{97C4992A-9AA3-4669-8267-C89B76F76F5A}"
EndProject
Project("{FAE04EC0-301F-11D3-BF4B-00C04F79EFBC}") = "medicalhistoryapp.DAL", "medicalhistoryapp.DAL\medicalhistoryapp.DAL.csproj", "{A3827EBD-E726-4972-B289-95748289D658}"
EndProject
Global
	GlobalSection(SolutionConfigurationPlatforms) = preSolution
		Debug|Any CPU = Debug|Any CPU
		Release|Any CPU = Release|Any CPU
	EndGlobalSection
	GlobalSection(ProjectConfigurationPlatforms) = postSolution
		{AB20B057-F57E-4E40-B2DF-A282CD05B9EE}.Debug|Any CPU.ActiveCfg = Debug|Any CPU
		{AB20B057-F57E-4E40-B2DF-A282CD05B9EE}.Debug|Any CPU.Build.0 = Debug|Any CPU
		{AB20B057-F57E-4E40-B2DF-A282CD05B9EE}.Release|Any CPU.ActiveCfg = Release|Any CPU
		{AB20B057-F57E-4E40-B2DF-A282CD05B9EE}.Release|Any CPU.Build.0 = Release|Any CPU
		{97C4992A-9AA3-4669-8267-C89B76F76F5A}.Debug|Any CPU.ActiveCfg = Debug|Any CPU
		{97C4992A-9AA3-4669-8267-C89B76F76F5A}.Debug|Any CPU.Build.0 = Debug|Any CPU
		{97C4992A-9AA3-4669-8267-C89B76F76F5A}.Release|Any CPU.ActiveCfg = Release|Any CPU
		{97C4992A-9AA3-4669-8267-C89B76F76F5A}.Release|Any CPU.Build.0 = Release|Any CPU
		{A3827EBD-E726-4972-B289-95748289D658}.Debug|Any CPU.ActiveCfg = Debug|Any CPU
		{A3827EBD-E726-4972-B289-95748289D658}.Debug|Any CPU.Build.0 = Debug|Any CPU
		{A3827EBD-E726-4972-B289-95748289D658}.Release|Any CPU.ActiveCfg = Release|Any CPU
		{A3827EBD-E726-4972-B289-95748289D658}.Release|Any CPU.Build.0 = Release|Any CPU
	EndGlobalSection
	GlobalSection(SolutionProperties) = preSolution
		HideSolutionNode = FALSE
	EndGlobalSection
	GlobalSection(ExtensibilityGlobals) = postSolution
		SolutionGuid = {3F8A0A66-7381-492D-B0F4-C114B4515816}
	EndGlobalSection
EndGlobal
